
Microsoft Visual Studio Solution File, Format Version 12.00
# Visual Studio Version 17
VisualStudioVersion = 17.0.32126.317
MinimumVisualStudioVersion = 10.0.40219.1
Project("{FAE04EC0-301F-11D3-BF4B-00C04F79EFBC}") = "CSRunningMedianSample", "CSRunningMedianSample\CSRunningMedianSample.csproj", "{EBA39340-BA0D-4332-8EE0-B92A565EC9B4}"
EndProject
Global
	GlobalSection(SolutionConfigurationPlatforms) = preSolution
		Debug|Any CPU = Debug|Any CPU
		Release|Any CPU = Release|Any CPU
	EndGlobalSection
	GlobalSection(ProjectConfigurationPlatforms) = postSolution
		{EBA39340-BA0D-4332-8EE0-B92A565EC9B4}.Debug|Any CPU.ActiveCfg = Debug|Any CPU
		{EBA39340-BA0D-4332-8EE0-B92A565EC9B4}.Debug|Any CPU.Build.0 = Debug|Any CPU
		{EBA39340-BA0D-4332-8EE0-B92A565EC9B4}.Release|Any CPU.ActiveCfg = Release|Any CPU
		{EBA39340-BA0D-4332-8EE0-B92A565EC9B4}.Release|Any CPU.Build.0 = Release|Any CPU
	EndGlobalSection
	GlobalSection(SolutionProperties) = preSolution
		HideSolutionNode = FALSE
	EndGlobalSection
	GlobalSection(ExtensibilityGlobals) = postSolution
		SolutionGuid = {606F278E-5843-4C4F-9FF9-B6A0838D3AAE}
	EndGlobalSection
EndGlobal
